{
  "nodes": {
    "nixpkgs": {
      "locked": {
        "lastModified": 1784356753,
        "narHash": "sha256-12KrbMiWLcf8m7pCvAtZh1ZrgF85ZXDXvfR/fWTKy84=",
        "owner": "NixOS",
        "repo": "nixpkgs",
        "rev": "61b7c44c4073f0b827768aff0049561b5110ea5a",
        "type": "github"
      },
      "original": {
        "owner": "NixOS",
        "ref": "nixos-unstable",
        "repo": "nixpkgs",
        "type": "github"
      }
    },
    "nixpkgs-ocaml-lsp": {
      "locked": {
        "lastModified": 1767313136,
        "narHash": "sha256-16KkgfdYqjaeRGBaYsNrhPRRENs0qzkQVUooNHtoy2w=",
        "owner": "NixOS",
        "repo": "nixpkgs",
        "rev": "ac62194c3917d5f474c1a844b6fd6da2db95077d",
        "type": "github"
      },
      "original": {
        "owner": "NixOS",
        "repo": "nixpkgs",
        "rev": "ac62194c3917d5f474c1a844b6fd6da2db95077d",
        "type": "github"
      }
    },
    "opencode-src": {
      "inputs": {
        "nixpkgs": [
          "nixpkgs"
        ]
      },
      "locked": {
        "lastModified": 1784915213,
        "narHash": "sha256-SyEoMo4NPjH9GwshgOPxnSLWQKSuxL75vZYRpH9FcRE=",
        "owner": "anomalyco",
        "repo": "opencode",
        "rev": "f51665191af10f1e4e0512af3708e9c2c58ecb8d",
        "type": "github"
      },
      "original": {
        "owner": "anomalyco",
        "repo": "opencode",
        "rev": "f51665191af10f1e4e0512af3708e9c2c58ecb8d",
        "type": "github"
      }
    },
    "pi-acp-src": {
      "flake": false,
      "locked": {
        "lastModified": 1785448705,
        "narHash": "sha256-y8QE91ZbRxzoaV8ITw95OqUEpsxkTI9eicygEF1GUFc=",
        "owner": "svkozak",
        "repo": "pi-acp",
        "rev": "d1cffc047ab37a096ee70ca39cfc1de463db8d12",
        "type": "github"
      },
      "original": {
        "owner": "svkozak",
        "repo": "pi-acp",
        "rev": "d1cffc047ab37a096ee70ca39cfc1de463db8d12",
        "type": "github"
      }
    },
    "root": {
      "inputs": {
        "nixpkgs": "nixpkgs",
        "nixpkgs-ocaml-lsp": "nixpkgs-ocaml-lsp",
        "opencode-src": "opencode-src",
        "pi-acp-src": "pi-acp-src"
      }
    }
  },
  "root": "root",
  "version": 7
}
